<?xml version="1.0" encoding="UTF-8"?>
<!DOCTYPE plist PUBLIC "-//Apple//DTD PLIST 1.0//EN" "http://www.apple.com/DTDs/PropertyList-1.0.dtd">
<plist version="1.0">
<dict>
	<key>archiveVersion</key>
	<string>1</string>
	<key>classes</key>
	<dict/>
	<key>objectVersion</key>
	<string>46</string>
	<key>objects</key>
	<dict>
		<key>2443DC4918D662CA00C920C1</key>
		<dict>
			<key>children</key>
			<array>
				<string>9F4A57421CBC50580092F346</string>
				<string>2443DC5D18D662CA00C920C1</string>
				<string>2443DC8118D662CA00C920C1</string>
				<string>2443DC5418D662CA00C920C1</string>
				<string>2443DC5318D662CA00C920C1</string>
			</array>
			<key>isa</key>
			<string>PBXGroup</string>
			<key>sourceTree</key>
			<string>&lt;group&gt;</string>
		</dict>
		<key>2443DC4A18D662CA00C920C1</key>
		<dict>
			<key>attributes</key>
			<dict>
				<key>CLASSPREFIX</key>
				<string>M2</string>
				<key>LastUpgradeCheck</key>
				<string>0510</string>
				<key>ORGANIZATIONNAME</key>
				<string>Danqing</string>
				<key>TargetAttributes</key>
				<dict>
					<key>2443DC5118D662CA00C920C1</key>
					<dict>
						<key>DevelopmentTeam</key>
						<string>LUYZGHAEYS</string>
					</dict>
				</dict>
			</dict>
			<key>buildConfigurationList</key>
			<string>2443DC4D18D662CA00C920C1</string>
			<key>compatibilityVersion</key>
			<string>Xcode 3.2</string>
			<key>developmentRegion</key>
			<string>English</string>
			<key>hasScannedForEncodings</key>
			<string>0</string>
			<key>isa</key>
			<string>PBXProject</string>
			<key>knownRegions</key>
			<array>
				<string>en</string>
				<string>Base</string>
			</array>
			<key>mainGroup</key>
			<string>2443DC4918D662CA00C920C1</string>
			<key>productRefGroup</key>
			<string>2443DC5318D662CA00C920C1</string>
			<key>projectDirPath</key>
			<string></string>
			<key>projectReferences</key>
			<array/>
			<key>projectRoot</key>
			<string></string>
			<key>targets</key>
			<array>
				<string>2443DC5118D662CA00C920C1</string>
			</array>
		</dict>
		<key>2443DC4D18D662CA00C920C1</key>
		<dict>
			<key>buildConfigurations</key>
			<array>
				<string>2443DC8918D662CA00C920C1</string>
				<string>2443DC8A18D662CA00C920C1</string>
			</array>
			<key>defaultConfigurationIsVisible</key>
			<string>0</string>
			<key>defaultConfigurationName</key>
			<string>Release</string>
			<key>isa</key>
			<string>XCConfigurationList</string>
		</dict>
		<key>2443DC4E18D662CA00C920C1</key>
		<dict>
			<key>buildActionMask</key>
			<string>2147483647</string>
			<key>files</key>
			<array>
				<string>8329A9AB1C2E5373004D8A28</string>
				<string>2443DCA618D66CCC00C920C1</string>
				<string>2443DC6418D662CA00C920C1</string>
				<string>24C4515B18D6DC4A0001FCFD</string>
				<string>8329A99C1C2E401A004D8A28</string>
				<string>24C4516818DD64A90001FCFD</string>
				<string>2443DC9A18D663FC00C920C1</string>
				<string>24C4515E18D6DC740001FCFD</string>
				<string>24C4518118E265390001FCFD</string>
				<string>8329A9EF1C2E6D48004D8A28</string>
				<string>2443DCAF18D6C18400C920C1</string>
				<string>2443DCA018D6647000C920C1</string>
				<string>24C4517018DFF10B0001FCFD</string>
				<string>2443DCA318D6649500C920C1</string>
				<string>24C4517318E140AE0001FCFD</string>
				<string>24C4516418DABABE0001FCFD</string>
				<string>2443DC6818D662CA00C920C1</string>
				<string>2443DC9B18D663FC00C920C1</string>
			</array>
			<key>isa</key>
			<string>PBXSourcesBuildPhase</string>
			<key>runOnlyForDeploymentPostprocessing</key>
			<string>0</string>
		</dict>
		<key>2443DC4F18D662CA00C920C1</key>
		<dict>
			<key>buildActionMask</key>
			<string>2147483647</string>
			<key>files</key>
			<array>
				<string>83B714961CFE26FF009FDABB</string>
				<string>83B714941CFE26F8009FDABB</string>
				<string>83B714921CFE26E9009FDABB</string>
				<string>2443DC5818D662CA00C920C1</string>
				<string>2443DC5A18D662CA00C920C1</string>
				<string>2443DC5C18D662CA00C920C1</string>
				<string>2443DC5618D662CA00C920C1</string>
				<string>5DB26347A47D6A73708EE172</string>
				<string>9F4A57431CBC50580092F346</string>
				<string>9AC180509E130F4823298D47</string>
				<string>5D9771F87747C9AC6284A625</string>
				<string>ADD797ED54B626E50A00684E</string>
				<string>9C856370E6E666261EF867F9</string>
			</array>
			<key>isa</key>
			<string>PBXFrameworksBuildPhase</string>
			<key>runOnlyForDeploymentPostprocessing</key>
			<string>0</string>
		</dict>
		<key>2443DC5018D662CA00C920C1</key>
		<dict>
			<key>buildActionMask</key>
			<string>2147483647</string>
			<key>files</key>
			<array>
				<string>834E1F541C3F2F0400B5C177</string>
				<string>834E1F551C3F2F0400B5C177</string>
				<string>8329A9F61C2FDC45004D8A28</string>
				<string>834E1F4E1C3F2F0400B5C177</string>
				<string>834E1F521C3F2F0400B5C177</string>
				<string>2443DC6218D662CA00C920C1</string>
				<string>834E1F511C3F2F0400B5C177</string>
				<string>834E1F531C3F2F0400B5C177</string>
				<string>8329A9AC1C2E5373004D8A28</string>
				<string>834E1F4F1C3F2F0400B5C177</string>
				<string>8329A9F01C2E6D48004D8A28</string>
				<string>8329A9A21C2E4E10004D8A28</string>
				<string>834E1F501C3F2F0400B5C177</string>
				<string>8329A9A71C2E4F98004D8A28</string>
				<string>2443DC7518D662CA00C920C1</string>
				<string>8329A9A31C2E4E10004D8A28</string>
				<string>8329A9F21C2E6E85004D8A28</string>
				<string>8329A9A51C2E4F1F004D8A28</string>
				<string>2443DC6B18D662CA00C920C1</string>
				<string>8329A9AE1C2E537F004D8A28</string>
				<string>8329A99D1C2E401A004D8A28</string>
			</array>
			<key>isa</key>
			<string>PBXResourcesBuildPhase</string>
			<key>runOnlyForDeploymentPostprocessing</key>
			<string>0</string>
		</dict>
		<key>2443DC5118D662CA00C920C1</key>
		<dict>
			<key>buildConfigurationList</key>
			<string>2443DC8B18D662CA00C920C1</string>
			<key>buildPhases</key>
			<array>
				<string>2443DC4E18D662CA00C920C1</string>
				<string>2443DC4F18D662CA00C920C1</string>
				<string>2443DC5018D662CA00C920C1</string>
			</array>
			<key>buildRules</key>
			<array/>
			<key>dependencies</key>
			<array/>
			<key>isa</key>
			<string>PBXNativeTarget</string>
			<key>name</key>
			<string>m2048</string>
			<key>productName</key>
			<string>m2048</string>
			<key>productReference</key>
			<string>2443DC5218D662CA00C920C1</string>
			<key>productType</key>
			<string>com.apple.product-type.application</string>
		</dict>
		<key>2443DC5218D662CA00C920C1</key>
		<dict>
			<key>explicitFileType</key>
			<string>wrapper.application</string>
			<key>includeInIndex</key>
			<string>0</string>
			<key>isa</key>
			<string>PBXFileReference</string>
			<key>path</key>
			<string>m2048.app</string>
			<key>sourceTree</key>
			<string>BUILT_PRODUCTS_DIR</string>
		</dict>
		<key>2443DC5318D662CA00C920C1</key>
		<dict>
			<key>children</key>
			<array>
				<string>2443DC5218D662CA00C920C1</string>
			</array>
			<key>isa</key>
			<string>PBXGroup</string>
			<key>name</key>
			<string>Products</string>
			<key>sourceTree</key>
			<string>&lt;group&gt;</string>
		</dict>
		<key>2443DC5418D662CA00C920C1</key>
		<dict>
			<key>children</key>
			<array>
				<string>83B714951CFE26FF009FDABB</string>
				<string>83B714931CFE26F8009FDABB</string>
				<string>83B714911CFE26E9009FDABB</string>
				<string>2443DC5518D662CA00C920C1</string>
				<string>2443DC5718D662CA00C920C1</string>
				<string>2443DC5918D662CA00C920C1</string>
				<string>2443DC5B18D662CA00C920C1</string>
				<string>2443DC7B18D662CA00C920C1</string>
				<string>374F52F33EE427E6164DFABE</string>
				<string>A0B0C474C980C18CEBE18D25</string>
				<string>42363629EBA69A02B0D181B2</string>
				<string>68F4646D532224A273B48C9D</string>
				<string>F521F93C4142EEE7BDDFD745</string>
			</array>
			<key>isa</key>
			<string>PBXGroup</string>
			<key>name</key>
			<string>Frameworks</string>
			<key>sourceTree</key>
			<string>&lt;group&gt;</string>
		</dict>
		<key>2443DC5518D662CA00C920C1</key>
		<dict>
			<key>isa</key>
			<string>PBXFileReference</string>
			<key>lastKnownFileType</key>
			<string>wrapper.framework</string>
			<key>name</key>
			<string>Foundation.framework</string>
			<key>path</key>
			<string>System/Library/Frameworks/Foundation.framework</string>
			<key>sourceTree</key>
			<string>SDKROOT</string>
		</dict>
		<key>2443DC5618D662CA00C920C1</key>
		<dict>
			<key>fileRef</key>
			<string>2443DC5518D662CA00C920C1</string>
			<key>isa</key>
			<string>PBXBuildFile</string>
		</dict>
		<key>2443DC5718D662CA00C920C1</key>
		<dict>
			<key>isa</key>
			<string>PBXFileReference</string>
			<key>lastKnownFileType</key>
			<string>wrapper.framework</string>
			<key>name</key>
			<string>CoreGraphics.framework</string>
			<key>path</key>
			<string>System/Library/Frameworks/CoreGraphics.framework</string>
			<key>sourceTree</key>
			<string>SDKROOT</string>
		</dict>
		<key>2443DC5818D662CA00C920C1</key>
		<dict>
			<key>fileRef</key>
			<string>2443DC5718D662CA00C920C1</string>
			<key>isa</key>
			<string>PBXBuildFile</string>
		</dict>
		<key>2443DC5918D662CA00C920C1</key>
		<dict>
			<key>isa</key>
			<string>PBXFileReference</string>
			<key>lastKnownFileType</key>
			<string>wrapper.framework</string>
			<key>name</key>
			<string>UIKit.framework</string>
			<key>path</key>
			<string>System/Library/Frameworks/UIKit.framework</string>
			<key>sourceTree</key>
			<string>SDKROOT</string>
		</dict>
		<key>2443DC5A18D662CA00C920C1</key>
		<dict>
			<key>fileRef</key>
			<string>2443DC5918D662CA00C920C1</string>
			<key>isa</key>
			<string>PBXBuildFile</string>
		</dict>
		<key>2443DC5B18D662CA00C920C1</key>
		<dict>
			<key>isa</key>
			<string>PBXFileReference</string>
			<key>lastKnownFileType</key>
			<string>wrapper.framework</string>
			<key>name</key>
			<string>SpriteKit.framework</string>
			<key>path</key>
			<string>System/Library/Frameworks/SpriteKit.framework</string>
			<key>sourceTree</key>
			<string>SDKROOT</string>
		</dict>
		<key>2443DC5C18D662CA00C920C1</key>
		<dict>
			<key>fileRef</key>
			<string>2443DC5B18D662CA00C920C1</string>
			<key>isa</key>
			<string>PBXBuildFile</string>
		</dict>
		<key>2443DC5D18D662CA00C920C1</key>
		<dict>
			<key>children</key>
			<array>
				<string>8329A9981C2E3F93004D8A28</string>
				<string>2443DC6618D662CA00C920C1</string>
				<string>2443DC6718D662CA00C920C1</string>
				<string>2443DC6918D662CA00C920C1</string>
				<string>2443DC9C18D6645800C920C1</string>
				<string>2443DC9D18D6645800C920C1</string>
				<string>24C4516018DABABE0001FCFD</string>
				<string>2443DC9418D663FC00C920C1</string>
				<string>2443DC9718D663FC00C920C1</string>
				<string>24C4516518DD64630001FCFD</string>
				<string>2443DC5E18D662CA00C920C1</string>
				<string>2443DC7418D662CA00C920C1</string>
			</array>
			<key>isa</key>
			<string>PBXGroup</string>
			<key>path</key>
			<string>m2048</string>
			<key>sourceTree</key>
			<string>&lt;group&gt;</string>
		</dict>
		<key>2443DC5E18D662CA00C920C1</key>
		<dict>
			<key>children</key>
			<array>
				<string>2443DC5F18D662CA00C920C1</string>
				<string>2443DC6018D662CA00C920C1</string>
				<string>2443DC6318D662CA00C920C1</string>
				<string>2443DC6518D662CA00C920C1</string>
			</array>
			<key>isa</key>
			<string>PBXGroup</string>
			<key>name</key>
			<string>Supporting Files</string>
			<key>sourceTree</key>
			<string>&lt;group&gt;</string>
		</dict>
		<key>2443DC5F18D662CA00C920C1</key>
		<dict>
			<key>isa</key>
			<string>PBXFileReference</string>
			<key>lastKnownFileType</key>
			<string>text.plist.xml</string>
			<key>path</key>
			<string>m2048-Info.plist</string>
			<key>sourceTree</key>
			<string>&lt;group&gt;</string>
		</dict>
		<key>2443DC6018D662CA00C920C1</key>
		<dict>
			<key>children</key>
			<array>
				<string>2443DC6118D662CA00C920C1</string>
			</array>
			<key>isa</key>
			<string>PBXVariantGroup</string>
			<key>name</key>
			<string>InfoPlist.strings</string>
			<key>sourceTree</key>
			<string>&lt;group&gt;</string>
		</dict>
		<key>2443DC6118D662CA00C920C1</key>
		<dict>
			<key>isa</key>
			<string>PBXFileReference</string>
			<key>lastKnownFileType</key>
			<string>text.plist.strings</string>
			<key>name</key>
			<string>en</string>
			<key>path</key>
			<string>en.lproj/InfoPlist.strings</string>
			<key>sourceTree</key>
			<string>&lt;group&gt;</string>
		</dict>
		<key>2443DC6218D662CA00C920C1</key>
		<dict>
			<key>fileRef</key>
			<string>2443DC6018D662CA00C920C1</string>
			<key>isa</key>
			<string>PBXBuildFile</string>
		</dict>
		<key>2443DC6318D662CA00C920C1</key>
		<dict>
			<key>isa</key>
			<string>PBXFileReference</string>
			<key>lastKnownFileType</key>
			<string>sourcecode.c.objc</string>
			<key>path</key>
			<string>main.m</string>
			<key>sourceTree</key>
			<string>&lt;group&gt;</string>
		</dict>
		<key>2443DC6418D662CA00C920C1</key>
		<dict>
			<key>fileRef</key>
			<string>2443DC6318D662CA00C920C1</string>
			<key>isa</key>
			<string>PBXBuildFile</string>
		</dict>
		<key>2443DC6518D662CA00C920C1</key>
		<dict>
			<key>isa</key>
			<string>PBXFileReference</string>
			<key>lastKnownFileType</key>
			<string>sourcecode.c.h</string>
			<key>path</key>
			<string>m2048-Prefix.pch</string>
			<key>sourceTree</key>
			<string>&lt;group&gt;</string>
		</dict>
		<key>2443DC6618D662CA00C920C1</key>
		<dict>
			<key>isa</key>
			<string>PBXFileReference</string>
			<key>lastKnownFileType</key>
			<string>sourcecode.c.h</string>
			<key>path</key>
			<string>M2AppDelegate.h</string>
			<key>sourceTree</key>
			<string>&lt;group&gt;</string>
		</dict>
		<key>2443DC6718D662CA00C920C1</key>
		<dict>
			<key>isa</key>
			<string>PBXFileReference</string>
			<key>lastKnownFileType</key>
			<string>sourcecode.c.objc</string>
			<key>path</key>
			<string>M2AppDelegate.m</string>
			<key>sourceTree</key>
			<string>&lt;group&gt;</string>
		</dict>
		<key>2443DC6818D662CA00C920C1</key>
		<dict>
			<key>fileRef</key>
			<string>2443DC6718D662CA00C920C1</string>
			<key>isa</key>
			<string>PBXBuildFile</string>
		</dict>
		<key>2443DC6918D662CA00C920C1</key>
		<dict>
			<key>children</key>
			<array>
				<string>2443DC6A18D662CA00C920C1</string>
			</array>
			<key>isa</key>
			<string>PBXVariantGroup</string>
			<key>name</key>
			<string>Main.storyboard</string>
			<key>sourceTree</key>
			<string>&lt;group&gt;</string>
		</dict>
		<key>2443DC6A18D662CA00C920C1</key>
		<dict>
			<key>isa</key>
			<string>PBXFileReference</string>
			<key>lastKnownFileType</key>
			<string>file.storyboard</string>
			<key>name</key>
			<string>Base</string>
			<key>path</key>
			<string>Base.lproj/Main.storyboard</string>
			<key>sourceTree</key>
			<string>&lt;group&gt;</string>
		</dict>
		<key>2443DC6B18D662CA00C920C1</key>
		<dict>
			<key>fileRef</key>
			<string>2443DC6918D662CA00C920C1</string>
			<key>isa</key>
			<string>PBXBuildFile</string>
		</dict>
		<key>2443DC7418D662CA00C920C1</key>
		<dict>
			<key>isa</key>
			<string>PBXFileReference</string>
			<key>lastKnownFileType</key>
			<string>folder.assetcatalog</string>
			<key>path</key>
			<string>Images.xcassets</string>
			<key>sourceTree</key>
			<string>&lt;group&gt;</string>
		</dict>
		<key>2443DC7518D662CA00C920C1</key>
		<dict>
			<key>fileRef</key>
			<string>2443DC7418D662CA00C920C1</string>
			<key>isa</key>
			<string>PBXBuildFile</string>
		</dict>
		<key>2443DC7B18D662CA00C920C1</key>
		<dict>
			<key>isa</key>
			<string>PBXFileReference</string>
			<key>lastKnownFileType</key>
			<string>wrapper.framework</string>
			<key>name</key>
			<string>XCTest.framework</string>
			<key>path</key>
			<string>Library/Frameworks/XCTest.framework</string>
			<key>sourceTree</key>
			<string>DEVELOPER_DIR</string>
		</dict>
		<key>2443DC8118D662CA00C920C1</key>
		<dict>
			<key>children</key>
			<array>
				<string>2443DC8718D662CA00C920C1</string>
				<string>2443DC8218D662CA00C920C1</string>
			</array>
			<key>isa</key>
			<string>PBXGroup</string>
			<key>path</key>
			<string>m2048Tests</string>
			<key>sourceTree</key>
			<string>&lt;group&gt;</string>
		</dict>
		<key>2443DC8218D662CA00C920C1</key>
		<dict>
			<key>children</key>
			<array>
				<string>2443DC8318D662CA00C920C1</string>
				<string>2443DC8418D662CA00C920C1</string>
			</array>
			<key>isa</key>
			<string>PBXGroup</string>
			<key>name</key>
			<string>Supporting Files</string>
			<key>sourceTree</key>
			<string>&lt;group&gt;</string>
		</dict>
		<key>2443DC8318D662CA00C920C1</key>
		<dict>
			<key>isa</key>
			<string>PBXFileReference</string>
			<key>lastKnownFileType</key>
			<string>text.plist.xml</string>
			<key>path</key>
			<string>m2048Tests-Info.plist</string>
			<key>sourceTree</key>
			<string>&lt;group&gt;</string>
		</dict>
		<key>2443DC8418D662CA00C920C1</key>
		<dict>
			<key>children</key>
			<array>
				<string>2443DC8518D662CA00C920C1</string>
			</array>
			<key>isa</key>
			<string>PBXVariantGroup</string>
			<key>name</key>
			<string>InfoPlist.strings</string>
			<key>sourceTree</key>
			<string>&lt;group&gt;</string>
		</dict>
		<key>2443DC8518D662CA00C920C1</key>
		<dict>
			<key>isa</key>
			<string>PBXFileReference</string>
			<key>lastKnownFileType</key>
			<string>text.plist.strings</string>
			<key>name</key>
			<string>en</string>
			<key>path</key>
			<string>en.lproj/InfoPlist.strings</string>
			<key>sourceTree</key>
			<string>&lt;group&gt;</string>
		</dict>
		<key>2443DC8718D662CA00C920C1</key>
		<dict>
			<key>isa</key>
			<string>PBXFileReference</string>
			<key>lastKnownFileType</key>
			<string>sourcecode.c.objc</string>
			<key>path</key>
			<string>m2048Tests.m</string>
			<key>sourceTree</key>
			<string>&lt;group&gt;</string>
		</dict>
		<key>2443DC8918D662CA00C920C1</key>
		<dict>
			<key>buildSettings</key>
			<dict>
				<key>ALWAYS_SEARCH_USER_PATHS</key>
				<string>NO</string>
				<key>CLANG_CXX_LANGUAGE_STANDARD</key>
				<string>gnu++0x</string>
				<key>CLANG_CXX_LIBRARY</key>
				<string>libc++</string>
				<key>CLANG_ENABLE_MODULES</key>
				<string>YES</string>
				<key>CLANG_ENABLE_OBJC_ARC</key>
				<string>YES</string>
				<key>CLANG_WARN_BOOL_CONVERSION</key>
				<string>YES</string>
				<key>CLANG_WARN_CONSTANT_CONVERSION</key>
				<string>YES</string>
				<key>CLANG_WARN_DIRECT_OBJC_ISA_USAGE</key>
				<string>YES_ERROR</string>
				<key>CLANG_WARN_EMPTY_BODY</key>
				<string>YES</string>
				<key>CLANG_WARN_ENUM_CONVERSION</key>
				<string>YES</string>
				<key>CLANG_WARN_INT_CONVERSION</key>
				<string>YES</string>
				<key>CLANG_WARN_OBJC_ROOT_CLASS</key>
				<string>YES_ERROR</string>
				<key>CLANG_WARN__DUPLICATE_METHOD_MATCH</key>
				<string>YES</string>
				<key>CODE_SIGN_IDENTITY</key>
				<string></string>
				<key>CODE_SIGN_IDENTITY[sdk=iphoneos*]</key>
				<string>iPhone Developer</string>
				<key>COPY_PHASE_STRIP</key>
				<string>NO</string>
				<key>GCC_C_LANGUAGE_STANDARD</key>
				<string>gnu99</string>
				<key>GCC_DYNAMIC_NO_PIC</key>
				<string>NO</string>
				<key>GCC_OPTIMIZATION_LEVEL</key>
				<string>0</string>
				<key>GCC_PREPROCESSOR_DEFINITIONS</key>
				<array>
					<string>DEBUG=1</string>
					<string>$(inherited)</string>
				</array>
				<key>GCC_SYMBOLS_PRIVATE_EXTERN</key>
				<string>NO</string>
				<key>GCC_WARN_64_TO_32_BIT_CONVERSION</key>
				<string>YES</string>
				<key>GCC_WARN_ABOUT_RETURN_TYPE</key>
				<string>YES_ERROR</string>
				<key>GCC_WARN_UNDECLARED_SELECTOR</key>
				<string>YES</string>
				<key>GCC_WARN_UNINITIALIZED_AUTOS</key>
				<string>YES_AGGRESSIVE</string>
				<key>GCC_WARN_UNUSED_FUNCTION</key>
				<string>YES</string>
				<key>GCC_WARN_UNUSED_VARIABLE</key>
				<string>YES</string>
				<key>IPHONEOS_DEPLOYMENT_TARGET</key>
				<string>7.1</string>
				<key>ONLY_ACTIVE_ARCH</key>
				<string>YES</string>
				<key>SDKROOT</key>
				<string>iphoneos</string>
			</dict>
			<key>isa</key>
			<string>XCBuildConfiguration</string>
			<key>name</key>
			<string>Debug</string>
		</dict>
		<key>2443DC8A18D662CA00C920C1</key>
		<dict>
			<key>buildSettings</key>
			<dict>
				<key>ALWAYS_SEARCH_USER_PATHS</key>
				<string>NO</string>
				<key>CLANG_CXX_LANGUAGE_STANDARD</key>
				<string>gnu++0x</string>
				<key>CLANG_CXX_LIBRARY</key>
				<string>libc++</string>
				<key>CLANG_ENABLE_MODULES</key>
				<string>YES</string>
				<key>CLANG_ENABLE_OBJC_ARC</key>
				<string>YES</string>
				<key>CLANG_WARN_BOOL_CONVERSION</key>
				<string>YES</string>
				<key>CLANG_WARN_CONSTANT_CONVERSION</key>
				<string>YES</string>
				<key>CLANG_WARN_DIRECT_OBJC_ISA_USAGE</key>
				<string>YES_ERROR</string>
				<key>CLANG_WARN_EMPTY_BODY</key>
				<string>YES</string>
				<key>CLANG_WARN_ENUM_CONVERSION</key>
				<string>YES</string>
				<key>CLANG_WARN_INT_CONVERSION</key>
				<string>YES</string>
				<key>CLANG_WARN_OBJC_ROOT_CLASS</key>
				<string>YES_ERROR</string>
				<key>CLANG_WARN__DUPLICATE_METHOD_MATCH</key>
				<string>YES</string>
				<key>CODE_SIGN_IDENTITY</key>
				<string>iPhone Developer</string>
				<key>CODE_SIGN_IDENTITY[sdk=iphoneos*]</key>
				<string>iPhone Developer</string>
				<key>COPY_PHASE_STRIP</key>
				<string>YES</string>
				<key>ENABLE_NS_ASSERTIONS</key>
				<string>NO</string>
				<key>GCC_C_LANGUAGE_STANDARD</key>
				<string>gnu99</string>
				<key>GCC_WARN_64_TO_32_BIT_CONVERSION</key>
				<string>YES</string>
				<key>GCC_WARN_ABOUT_RETURN_TYPE</key>
				<string>YES_ERROR</string>
				<key>GCC_WARN_UNDECLARED_SELECTOR</key>
				<string>YES</string>
				<key>GCC_WARN_UNINITIALIZED_AUTOS</key>
				<string>YES_AGGRESSIVE</string>
				<key>GCC_WARN_UNUSED_FUNCTION</key>
				<string>YES</string>
				<key>GCC_WARN_UNUSED_VARIABLE</key>
				<string>YES</string>
				<key>IPHONEOS_DEPLOYMENT_TARGET</key>
				<string>7.1</string>
				<key>SDKROOT</key>
				<string>iphoneos</string>
				<key>VALIDATE_PRODUCT</key>
				<string>YES</string>
			</dict>
			<key>isa</key>
			<string>XCBuildConfiguration</string>
			<key>name</key>
			<string>Release</string>
		</dict>
		<key>2443DC8B18D662CA00C920C1</key>
		<dict>
			<key>buildConfigurations</key>
			<array>
				<string>2443DC8C18D662CA00C920C1</string>
				<string>2443DC8D18D662CA00C920C1</string>
			</array>
			<key>defaultConfigurationIsVisible</key>
			<string>0</string>
			<key>defaultConfigurationName</key>
			<string>Release</string>
			<key>isa</key>
			<string>XCConfigurationList</string>
		</dict>
		<key>2443DC8C18D662CA00C920C1</key>
		<dict>
			<key>buildSettings</key>
			<dict>
				<key>ASSETCATALOG_COMPILER_APPICON_NAME</key>
				<string>AppIcon</string>
				<key>ASSETCATALOG_COMPILER_LAUNCHIMAGE_NAME</key>
				<string>LaunchImage</string>
				<key>CODE_SIGN_IDENTITY</key>
				<string></string>
				<key>CODE_SIGN_IDENTITY[sdk=iphoneos*]</key>
				<string></string>
				<key>ENABLE_BITCODE</key>
				<string>NO</string>
				<key>FRAMEWORK_SEARCH_PATHS</key>
				<array>
					<string>$(inherited)</string>
					<string>$(PROJECT_DIR)</string>
				</array>
				<key>GCC_PRECOMPILE_PREFIX_HEADER</key>
				<string>YES</string>
				<key>GCC_PREFIX_HEADER</key>
				<string>m2048/m2048-Prefix.pch</string>
				<key>INFOPLIST_FILE</key>
				<string>m2048/m2048-Info.plist</string>
				<key>PRODUCT_BUNDLE_IDENTIFIER</key>
				<string>com.buddybuild.demo.8b090918-1560-40b3-ba37-a450f4f68cfd</string>
				<key>PRODUCT_NAME</key>
				<string>$(TARGET_NAME)</string>
				<key>PROVISIONING_PROFILE</key>
				<string>30f92eba-6e79-4b7d-aae8-a9c696a3f6ee</string>
				<key>PROVISIONING_PROFILE[sdk=iphoneos*]</key>
				<string>30f92eba-6e79-4b7d-aae8-a9c696a3f6ee</string>
				<key>SPRITEKIT_TEXTURE_ATLAS_OUTPUT</key>
				<string>YES</string>
				<key>TARGETED_DEVICE_FAMILY</key>
				<string>1</string>
				<key>WRAPPER_EXTENSION</key>
				<string>app</string>
			</dict>
			<key>isa</key>
			<string>XCBuildConfiguration</string>
			<key>name</key>
			<string>Debug</string>
		</dict>
		<key>2443DC8D18D662CA00C920C1</key>
		<dict>
			<key>buildSettings</key>
			<dict>
				<key>ASSETCATALOG_COMPILER_APPICON_NAME</key>
				<string>AppIcon</string>
				<key>ASSETCATALOG_COMPILER_LAUNCHIMAGE_NAME</key>
				<string>LaunchImage</string>
				<key>CODE_SIGN_IDENTITY</key>
				<string></string>
				<key>CODE_SIGN_IDENTITY[sdk=iphoneos*]</key>
				<string></string>
				<key>ENABLE_BITCODE</key>
				<string>NO</string>
				<key>FRAMEWORK_SEARCH_PATHS</key>
				<array>
					<string>$(inherited)</string>
					<string>$(PROJECT_DIR)</string>
				</array>
				<key>GCC_PRECOMPILE_PREFIX_HEADER</key>
				<string>YES</string>
				<key>GCC_PREFIX_HEADER</key>
				<string>m2048/m2048-Prefix.pch</string>
				<key>INFOPLIST_FILE</key>
				<string>m2048/m2048-Info.plist</string>
				<key>PRODUCT_BUNDLE_IDENTIFIER</key>
				<string>com.buddybuild.demo.8b090918-1560-40b3-ba37-a450f4f68cfd</string>
				<key>PRODUCT_NAME</key>
				<string>$(TARGET_NAME)</string>
				<key>PROVISIONING_PROFILE</key>
				<string>30f92eba-6e79-4b7d-aae8-a9c696a3f6ee</string>
				<key>PROVISIONING_PROFILE[sdk=iphoneos*]</key>
				<string>30f92eba-6e79-4b7d-aae8-a9c696a3f6ee</string>
				<key>SPRITEKIT_TEXTURE_ATLAS_OUTPUT</key>
				<string>YES</string>
				<key>TARGETED_DEVICE_FAMILY</key>
				<string>1</string>
				<key>WRAPPER_EXTENSION</key>
				<string>app</string>
			</dict>
			<key>isa</key>
			<string>XCBuildConfiguration</string>
			<key>name</key>
			<string>Release</string>
		</dict>
		<key>2443DC9418D663FC00C920C1</key>
		<dict>
			<key>children</key>
			<array>
				<string>24C4515918D6DC4A0001FCFD</string>
				<string>24C4515A18D6DC4A0001FCFD</string>
				<string>24C4515C18D6DC740001FCFD</string>
				<string>24C4515D18D6DC740001FCFD</string>
				<string>2443DC9518D663FC00C920C1</string>
				<string>2443DC9618D663FC00C920C1</string>
				<string>2443DCAD18D6C18400C920C1</string>
				<string>2443DCAE18D6C18400C920C1</string>
			</array>
			<key>isa</key>
			<string>PBXGroup</string>
			<key>path</key>
			<string>Sprite Kit</string>
			<key>sourceTree</key>
			<string>&lt;group&gt;</string>
		</dict>
		<key>2443DC9518D663FC00C920C1</key>
		<dict>
			<key>fileEncoding</key>
			<string>4</string>
			<key>isa</key>
			<string>PBXFileReference</string>
			<key>lastKnownFileType</key>
			<string>sourcecode.c.h</string>
			<key>path</key>
			<string>M2Scene.h</string>
			<key>sourceTree</key>
			<string>&lt;group&gt;</string>
		</dict>
		<key>2443DC9618D663FC00C920C1</key>
		<dict>
			<key>fileEncoding</key>
			<string>4</string>
			<key>isa</key>
			<string>PBXFileReference</string>
			<key>lastKnownFileType</key>
			<string>sourcecode.c.objc</string>
			<key>path</key>
			<string>M2Scene.m</string>
			<key>sourceTree</key>
			<string>&lt;group&gt;</string>
		</dict>
		<key>2443DC9718D663FC00C920C1</key>
		<dict>
			<key>children</key>
			<array>
				<string>2443DC9818D663FC00C920C1</string>
				<string>2443DC9918D663FC00C920C1</string>
			</array>
			<key>isa</key>
			<string>PBXGroup</string>
			<key>path</key>
			<string>State</string>
			<key>sourceTree</key>
			<string>&lt;group&gt;</string>
		</dict>
		<key>2443DC9818D663FC00C920C1</key>
		<dict>
			<key>fileEncoding</key>
			<string>4</string>
			<key>isa</key>
			<string>PBXFileReference</string>
			<key>lastKnownFileType</key>
			<string>sourcecode.c.h</string>
			<key>path</key>
			<string>M2GameManager.h</string>
			<key>sourceTree</key>
			<string>&lt;group&gt;</string>
		</dict>
		<key>2443DC9918D663FC00C920C1</key>
		<dict>
			<key>fileEncoding</key>
			<string>4</string>
			<key>isa</key>
			<string>PBXFileReference</string>
			<key>lastKnownFileType</key>
			<string>sourcecode.c.objc</string>
			<key>path</key>
			<string>M2GameManager.m</string>
			<key>sourceTree</key>
			<string>&lt;group&gt;</string>
		</dict>
		<key>2443DC9A18D663FC00C920C1</key>
		<dict>
			<key>fileRef</key>
			<string>2443DC9618D663FC00C920C1</string>
			<key>isa</key>
			<string>PBXBuildFile</string>
		</dict>
		<key>2443DC9B18D663FC00C920C1</key>
		<dict>
			<key>fileRef</key>
			<string>2443DC9918D663FC00C920C1</string>
			<key>isa</key>
			<string>PBXBuildFile</string>
		</dict>
		<key>2443DC9C18D6645800C920C1</key>
		<dict>
			<key>children</key>
			<array>
				<string>2443DCA118D6649500C920C1</string>
				<string>2443DCA218D6649500C920C1</string>
			</array>
			<key>isa</key>
			<string>PBXGroup</string>
			<key>path</key>
			<string>Appearance</string>
			<key>sourceTree</key>
			<string>&lt;group&gt;</string>
		</dict>
		<key>2443DC9D18D6645800C920C1</key>
		<dict>
			<key>children</key>
			<array>
				<string>2443DCA418D66CCC00C920C1</string>
				<string>2443DCA518D66CCC00C920C1</string>
				<string>2443DC9E18D6647000C920C1</string>
				<string>2443DC9F18D6647000C920C1</string>
				<string>24C4517118E140AE0001FCFD</string>
				<string>24C4517218E140AE0001FCFD</string>
			</array>
			<key>isa</key>
			<string>PBXGroup</string>
			<key>path</key>
			<string>Controller</string>
			<key>sourceTree</key>
			<string>&lt;group&gt;</string>
		</dict>
		<key>2443DC9E18D6647000C920C1</key>
		<dict>
			<key>fileEncoding</key>
			<string>4</string>
			<key>isa</key>
			<string>PBXFileReference</string>
			<key>lastKnownFileType</key>
			<string>sourcecode.c.h</string>
			<key>path</key>
			<string>M2SettingsViewController.h</string>
			<key>sourceTree</key>
			<string>&lt;group&gt;</string>
		</dict>
		<key>2443DC9F18D6647000C920C1</key>
		<dict>
			<key>fileEncoding</key>
			<string>4</string>
			<key>isa</key>
			<string>PBXFileReference</string>
			<key>lastKnownFileType</key>
			<string>sourcecode.c.objc</string>
			<key>path</key>
			<string>M2SettingsViewController.m</string>
			<key>sourceTree</key>
			<string>&lt;group&gt;</string>
		</dict>
		<key>2443DCA018D6647000C920C1</key>
		<dict>
			<key>fileRef</key>
			<string>2443DC9F18D6647000C920C1</string>
			<key>isa</key>
			<string>PBXBuildFile</string>
		</dict>
		<key>2443DCA118D6649500C920C1</key>
		<dict>
			<key>fileEncoding</key>
			<string>4</string>
			<key>isa</key>
			<string>PBXFileReference</string>
			<key>lastKnownFileType</key>
			<string>sourcecode.c.h</string>
			<key>path</key>
			<string>M2Theme.h</string>
			<key>sourceTree</key>
			<string>&lt;group&gt;</string>
		</dict>
		<key>2443DCA218D6649500C920C1</key>
		<dict>
			<key>fileEncoding</key>
			<string>4</string>
			<key>isa</key>
			<string>PBXFileReference</string>
			<key>lastKnownFileType</key>
			<string>sourcecode.c.objc</string>
			<key>path</key>
			<string>M2Theme.m</string>
			<key>sourceTree</key>
			<string>&lt;group&gt;</string>
		</dict>
		<key>2443DCA318D6649500C920C1</key>
		<dict>
			<key>fileRef</key>
			<string>2443DCA218D6649500C920C1</string>
			<key>isa</key>
			<string>PBXBuildFile</string>
		</dict>
		<key>2443DCA418D66CCC00C920C1</key>
		<dict>
			<key>fileEncoding</key>
			<string>4</string>
			<key>isa</key>
			<string>PBXFileReference</string>
			<key>lastKnownFileType</key>
			<string>sourcecode.c.h</string>
			<key>path</key>
			<string>M2ViewController.h</string>
			<key>sourceTree</key>
			<string>&lt;group&gt;</string>
		</dict>
		<key>2443DCA518D66CCC00C920C1</key>
		<dict>
			<key>fileEncoding</key>
			<string>4</string>
			<key>isa</key>
			<string>PBXFileReference</string>
			<key>lastKnownFileType</key>
			<string>sourcecode.c.objc</string>
			<key>path</key>
			<string>M2ViewController.m</string>
			<key>sourceTree</key>
			<string>&lt;group&gt;</string>
		</dict>
		<key>2443DCA618D66CCC00C920C1</key>
		<dict>
			<key>fileRef</key>
			<string>2443DCA518D66CCC00C920C1</string>
			<key>isa</key>
			<string>PBXBuildFile</string>
		</dict>
		<key>2443DCAD18D6C18400C920C1</key>
		<dict>
			<key>fileEncoding</key>
			<string>4</string>
			<key>isa</key>
			<string>PBXFileReference</string>
			<key>lastKnownFileType</key>
			<string>sourcecode.c.h</string>
			<key>path</key>
			<string>M2Tile.h</string>
			<key>sourceTree</key>
			<string>&lt;group&gt;</string>
		</dict>
		<key>2443DCAE18D6C18400C920C1</key>
		<dict>
			<key>fileEncoding</key>
			<string>4</string>
			<key>isa</key>
			<string>PBXFileReference</string>
			<key>lastKnownFileType</key>
			<string>sourcecode.c.objc</string>
			<key>path</key>
			<string>M2Tile.m</string>
			<key>sourceTree</key>
			<string>&lt;group&gt;</string>
		</dict>
		<key>2443DCAF18D6C18400C920C1</key>
		<dict>
			<key>fileRef</key>
			<string>2443DCAE18D6C18400C920C1</string>
			<key>isa</key>
			<string>PBXBuildFile</string>
		</dict>
		<key>24C4515918D6DC4A0001FCFD</key>
		<dict>
			<key>fileEncoding</key>
			<string>4</string>
			<key>isa</key>
			<string>PBXFileReference</string>
			<key>lastKnownFileType</key>
			<string>sourcecode.c.h</string>
			<key>path</key>
			<string>M2Cell.h</string>
			<key>sourceTree</key>
			<string>&lt;group&gt;</string>
		</dict>
		<key>24C4515A18D6DC4A0001FCFD</key>
		<dict>
			<key>fileEncoding</key>
			<string>4</string>
			<key>isa</key>
			<string>PBXFileReference</string>
			<key>lastKnownFileType</key>
			<string>sourcecode.c.objc</string>
			<key>path</key>
			<string>M2Cell.m</string>
			<key>sourceTree</key>
			<string>&lt;group&gt;</string>
		</dict>
		<key>24C4515B18D6DC4A0001FCFD</key>
		<dict>
			<key>fileRef</key>
			<string>24C4515A18D6DC4A0001FCFD</string>
			<key>isa</key>
			<string>PBXBuildFile</string>
		</dict>
		<key>24C4515C18D6DC740001FCFD</key>
		<dict>
			<key>fileEncoding</key>
			<string>4</string>
			<key>isa</key>
			<string>PBXFileReference</string>
			<key>lastKnownFileType</key>
			<string>sourcecode.c.h</string>
			<key>path</key>
			<string>M2Grid.h</string>
			<key>sourceTree</key>
			<string>&lt;group&gt;</string>
		</dict>
		<key>24C4515D18D6DC740001FCFD</key>
		<dict>
			<key>fileEncoding</key>
			<string>4</string>
			<key>isa</key>
			<string>PBXFileReference</string>
			<key>lastKnownFileType</key>
			<string>sourcecode.c.objc</string>
			<key>path</key>
			<string>M2Grid.m</string>
			<key>sourceTree</key>
			<string>&lt;group&gt;</string>
		</dict>
		<key>24C4515E18D6DC740001FCFD</key>
		<dict>
			<key>fileRef</key>
			<string>24C4515D18D6DC740001FCFD</string>
			<key>isa</key>
			<string>PBXBuildFile</string>
		</dict>
		<key>24C4516018DABABE0001FCFD</key>
		<dict>
			<key>children</key>
			<array>
				<string>24C4516118DABABE0001FCFD</string>
				<string>24C4516218DABABE0001FCFD</string>
				<string>24C4516318DABABE0001FCFD</string>
			</array>
			<key>isa</key>
			<string>PBXGroup</string>
			<key>path</key>
			<string>Global</string>
			<key>sourceTree</key>
			<string>&lt;group&gt;</string>
		</dict>
		<key>24C4516118DABABE0001FCFD</key>
		<dict>
			<key>fileEncoding</key>
			<string>4</string>
			<key>isa</key>
			<string>PBXFileReference</string>
			<key>lastKnownFileType</key>
			<string>sourcecode.c.h</string>
			<key>path</key>
			<string>M2GlobalState.h</string>
			<key>sourceTree</key>
			<string>&lt;group&gt;</string>
		</dict>
		<key>24C4516218DABABE0001FCFD</key>
		<dict>
			<key>fileEncoding</key>
			<string>4</string>
			<key>isa</key>
			<string>PBXFileReference</string>
			<key>lastKnownFileType</key>
			<string>sourcecode.c.objc</string>
			<key>path</key>
			<string>M2GlobalState.m</string>
			<key>sourceTree</key>
			<string>&lt;group&gt;</string>
		</dict>
		<key>24C4516318DABABE0001FCFD</key>
		<dict>
			<key>fileEncoding</key>
			<string>4</string>
			<key>isa</key>
			<string>PBXFileReference</string>
			<key>lastKnownFileType</key>
			<string>sourcecode.c.h</string>
			<key>path</key>
			<string>M2Position.h</string>
			<key>sourceTree</key>
			<string>&lt;group&gt;</string>
		</dict>
		<key>24C4516418DABABE0001FCFD</key>
		<dict>
			<key>fileRef</key>
			<string>24C4516218DABABE0001FCFD</string>
			<key>isa</key>
			<string>PBXBuildFile</string>
		</dict>
		<key>24C4516518DD64630001FCFD</key>
		<dict>
			<key>children</key>
			<array>
				<string>24C4516618DD64A90001FCFD</string>
				<string>24C4516718DD64A90001FCFD</string>
				<string>24C4516E18DFF10B0001FCFD</string>
				<string>24C4516F18DFF10B0001FCFD</string>
				<string>24C4517F18E265390001FCFD</string>
				<string>24C4518018E265390001FCFD</string>
			</array>
			<key>isa</key>
			<string>PBXGroup</string>
			<key>path</key>
			<string>View</string>
			<key>sourceTree</key>
			<string>&lt;group&gt;</string>
		</dict>
		<key>24C4516618DD64A90001FCFD</key>
		<dict>
			<key>fileEncoding</key>
			<string>4</string>
			<key>isa</key>
			<string>PBXFileReference</string>
			<key>lastKnownFileType</key>
			<string>sourcecode.c.h</string>
			<key>path</key>
			<string>M2GridView.h</string>
			<key>sourceTree</key>
			<string>&lt;group&gt;</string>
		</dict>
		<key>24C4516718DD64A90001FCFD</key>
		<dict>
			<key>fileEncoding</key>
			<string>4</string>
			<key>isa</key>
			<string>PBXFileReference</string>
			<key>lastKnownFileType</key>
			<string>sourcecode.c.objc</string>
			<key>path</key>
			<string>M2GridView.m</string>
			<key>sourceTree</key>
			<string>&lt;group&gt;</string>
		</dict>
		<key>24C4516818DD64A90001FCFD</key>
		<dict>
			<key>fileRef</key>
			<string>24C4516718DD64A90001FCFD</string>
			<key>isa</key>
			<string>PBXBuildFile</string>
		</dict>
		<key>24C4516E18DFF10B0001FCFD</key>
		<dict>
			<key>fileEncoding</key>
			<string>4</string>
			<key>isa</key>
			<string>PBXFileReference</string>
			<key>lastKnownFileType</key>
			<string>sourcecode.c.h</string>
			<key>path</key>
			<string>M2ScoreView.h</string>
			<key>sourceTree</key>
			<string>&lt;group&gt;</string>
		</dict>
		<key>24C4516F18DFF10B0001FCFD</key>
		<dict>
			<key>fileEncoding</key>
			<string>4</string>
			<key>isa</key>
			<string>PBXFileReference</string>
			<key>lastKnownFileType</key>
			<string>sourcecode.c.objc</string>
			<key>path</key>
			<string>M2ScoreView.m</string>
			<key>sourceTree</key>
			<string>&lt;group&gt;</string>
		</dict>
		<key>24C4517018DFF10B0001FCFD</key>
		<dict>
			<key>fileRef</key>
			<string>24C4516F18DFF10B0001FCFD</string>
			<key>isa</key>
			<string>PBXBuildFile</string>
		</dict>
		<key>24C4517118E140AE0001FCFD</key>
		<dict>
			<key>fileEncoding</key>
			<string>4</string>
			<key>isa</key>
			<string>PBXFileReference</string>
			<key>lastKnownFileType</key>
			<string>sourcecode.c.h</string>
			<key>path</key>
			<string>M2SettingsDetailViewController.h</string>
			<key>sourceTree</key>
			<string>&lt;group&gt;</string>
		</dict>
		<key>24C4517218E140AE0001FCFD</key>
		<dict>
			<key>fileEncoding</key>
			<string>4</string>
			<key>isa</key>
			<string>PBXFileReference</string>
			<key>lastKnownFileType</key>
			<string>sourcecode.c.objc</string>
			<key>path</key>
			<string>M2SettingsDetailViewController.m</string>
			<key>sourceTree</key>
			<string>&lt;group&gt;</string>
		</dict>
		<key>24C4517318E140AE0001FCFD</key>
		<dict>
			<key>fileRef</key>
			<string>24C4517218E140AE0001FCFD</string>
			<key>isa</key>
			<string>PBXBuildFile</string>
		</dict>
		<key>24C4517F18E265390001FCFD</key>
		<dict>
			<key>fileEncoding</key>
			<string>4</string>
			<key>isa</key>
			<string>PBXFileReference</string>
			<key>lastKnownFileType</key>
			<string>sourcecode.c.h</string>
			<key>path</key>
			<string>M2Overlay.h</string>
			<key>sourceTree</key>
			<string>&lt;group&gt;</string>
		</dict>
		<key>24C4518018E265390001FCFD</key>
		<dict>
			<key>fileEncoding</key>
			<string>4</string>
			<key>isa</key>
			<string>PBXFileReference</string>
			<key>lastKnownFileType</key>
			<string>sourcecode.c.objc</string>
			<key>path</key>
			<string>M2Overlay.m</string>
			<key>sourceTree</key>
			<string>&lt;group&gt;</string>
		</dict>
		<key>24C4518118E265390001FCFD</key>
		<dict>
			<key>fileRef</key>
			<string>24C4518018E265390001FCFD</string>
			<key>isa</key>
			<string>PBXBuildFile</string>
		</dict>
		<key>374F52F33EE427E6164DFABE</key>
		<dict>
			<key>isa</key>
			<string>PBXFileReference</string>
			<key>lastKnownFileType</key>
			<string>wrapper.framework</string>
			<key>path</key>
			<string>BuddyBuildSDK.framework</string>
			<key>sourceTree</key>
			<string>&lt;group&gt;</string>
		</dict>
		<key>42363629EBA69A02B0D181B2</key>
		<dict>
			<key>isa</key>
			<string>PBXFileReference</string>
			<key>lastKnownFileType</key>
			<string>wrapper.framework</string>
			<key>name</key>
			<string>CoreText.framework</string>
			<key>path</key>
			<string>System/Library/Frameworks/CoreText.framework</string>
			<key>sourceTree</key>
			<string>SDKROOT</string>
		</dict>
		<key>5D9771F87747C9AC6284A625</key>
		<dict>
			<key>fileRef</key>
			<string>42363629EBA69A02B0D181B2</string>
			<key>isa</key>
			<string>PBXBuildFile</string>
		</dict>
		<key>5DB26347A47D6A73708EE172</key>
		<dict>
			<key>fileRef</key>
			<string>374F52F33EE427E6164DFABE</string>
			<key>isa</key>
			<string>PBXBuildFile</string>
		</dict>
		<key>68F4646D532224A273B48C9D</key>
		<dict>
			<key>isa</key>
			<string>PBXFileReference</string>
			<key>lastKnownFileType</key>
			<string>wrapper.framework</string>
			<key>name</key>
			<string>CoreTelephony.framework</string>
			<key>path</key>
			<string>System/Library/Frameworks/CoreTelephony.framework</string>
			<key>sourceTree</key>
			<string>SDKROOT</string>
		</dict>
		<key>8329A9981C2E3F93004D8A28</key>
		<dict>
			<key>children</key>
			<array>
				<string>834E1F461C3F2F0400B5C177</string>
				<string>834E1F471C3F2F0400B5C177</string>
				<string>834E1F481C3F2F0400B5C177</string>
				<string>834E1F491C3F2F0400B5C177</string>
				<string>834E1F4A1C3F2F0400B5C177</string>
				<string>834E1F4B1C3F2F0400B5C177</string>
				<string>834E1F4C1C3F2F0400B5C177</string>
				<string>834E1F4D1C3F2F0400B5C177</string>
				<string>8329A9F51C2FDC45004D8A28</string>
				<string>8329A9F11C2E6E85004D8A28</string>
				<string>8329A9AD1C2E537F004D8A28</string>
				<string>8329A9A61C2E4F98004D8A28</string>
				<string>8329A9A41C2E4F1F004D8A28</string>
				<string>8329A99F1C2E4E10004D8A28</string>
				<string>8329A9A01C2E4E10004D8A28</string>
				<string>8329A9991C2E401A004D8A28</string>
				<string>8329A99A1C2E401A004D8A28</string>
				<string>8329A99B1C2E401A004D8A28</string>
				<string>8329A9A81C2E5373004D8A28</string>
				<string>8329A9A91C2E5373004D8A28</string>
				<string>8329A9AA1C2E5373004D8A28</string>
				<string>8329A9EC1C2E6D48004D8A28</string>
				<string>8329A9ED1C2E6D48004D8A28</string>
				<string>8329A9EE1C2E6D48004D8A28</string>
			</array>
			<key>isa</key>
			<string>PBXGroup</string>
			<key>name</key>
			<string>BuddyBuild Demo</string>
			<key>sourceTree</key>
			<string>&lt;group&gt;</string>
		</dict>
		<key>8329A9991C2E401A004D8A28</key>
		<dict>
			<key>fileEncoding</key>
			<string>4</string>
			<key>isa</key>
			<string>PBXFileReference</string>
			<key>lastKnownFileType</key>
			<string>sourcecode.c.h</string>
			<key>name</key>
			<string>BuddyBuildDemoIntroductionViewController.h</string>
			<key>path</key>
			<string>buddybuild Demo/BuddyBuildDemoIntroductionViewController.h</string>
			<key>sourceTree</key>
			<string>&lt;group&gt;</string>
		</dict>
		<key>8329A99A1C2E401A004D8A28</key>
		<dict>
			<key>fileEncoding</key>
			<string>4</string>
			<key>isa</key>
			<string>PBXFileReference</string>
			<key>lastKnownFileType</key>
			<string>sourcecode.c.objc</string>
			<key>name</key>
			<string>BuddyBuildDemoIntroductionViewController.m</string>
			<key>path</key>
			<string>buddybuild Demo/BuddyBuildDemoIntroductionViewController.m</string>
			<key>sourceTree</key>
			<string>&lt;group&gt;</string>
		</dict>
		<key>8329A99B1C2E401A004D8A28</key>
		<dict>
			<key>fileEncoding</key>
			<string>4</string>
			<key>isa</key>
			<string>PBXFileReference</string>
			<key>lastKnownFileType</key>
			<string>file.xib</string>
			<key>name</key>
			<string>BuddyBuildDemoIntroductionViewController.xib</string>
			<key>path</key>
			<string>buddybuild Demo/BuddyBuildDemoIntroductionViewController.xib</string>
			<key>sourceTree</key>
			<string>&lt;group&gt;</string>
		</dict>
		<key>8329A99C1C2E401A004D8A28</key>
		<dict>
			<key>fileRef</key>
			<string>8329A99A1C2E401A004D8A28</string>
			<key>isa</key>
			<string>PBXBuildFile</string>
		</dict>
		<key>8329A99D1C2E401A004D8A28</key>
		<dict>
			<key>fileRef</key>
			<string>8329A99B1C2E401A004D8A28</string>
			<key>isa</key>
			<string>PBXBuildFile</string>
		</dict>
		<key>8329A99F1C2E4E10004D8A28</key>
		<dict>
			<key>isa</key>
			<string>PBXFileReference</string>
			<key>lastKnownFileType</key>
			<string>image.png</string>
			<key>name</key>
			<string>logo@2x.png</string>
			<key>path</key>
			<string>buddybuild Demo/logo@2x.png</string>
			<key>sourceTree</key>
			<string>&lt;group&gt;</string>
		</dict>
		<key>8329A9A01C2E4E10004D8A28</key>
		<dict>
			<key>isa</key>
			<string>PBXFileReference</string>
			<key>lastKnownFileType</key>
			<string>image.png</string>
			<key>name</key>
			<string>background@2x.png</string>
			<key>path</key>
			<string>buddybuild Demo/background@2x.png</string>
			<key>sourceTree</key>
			<string>&lt;group&gt;</string>
		</dict>
		<key>8329A9A21C2E4E10004D8A28</key>
		<dict>
			<key>fileRef</key>
			<string>8329A99F1C2E4E10004D8A28</string>
			<key>isa</key>
			<string>PBXBuildFile</string>
		</dict>
		<key>8329A9A31C2E4E10004D8A28</key>
		<dict>
			<key>fileRef</key>
			<string>8329A9A01C2E4E10004D8A28</string>
			<key>isa</key>
			<string>PBXBuildFile</string>
		</dict>
		<key>8329A9A41C2E4F1F004D8A28</key>
		<dict>
			<key>isa</key>
			<string>PBXFileReference</string>
			<key>lastKnownFileType</key>
			<string>image.png</string>
			<key>name</key>
			<string>screenshotinstructions@2x.png</string>
			<key>path</key>
			<string>buddybuild Demo/screenshotinstructions@2x.png</string>
			<key>sourceTree</key>
			<string>&lt;group&gt;</string>
		</dict>
		<key>8329A9A51C2E4F1F004D8A28</key>
		<dict>
			<key>fileRef</key>
			<string>8329A9A41C2E4F1F004D8A28</string>
			<key>isa</key>
			<string>PBXBuildFile</string>
		</dict>
		<key>8329A9A61C2E4F98004D8A28</key>
		<dict>
			<key>isa</key>
			<string>PBXFileReference</string>
			<key>lastKnownFileType</key>
			<string>image.png</string>
			<key>name</key>
			<string>okbutton@2x.png</string>
			<key>path</key>
			<string>buddybuild Demo/okbutton@2x.png</string>
			<key>sourceTree</key>
			<string>&lt;group&gt;</string>
		</dict>
		<key>8329A9A71C2E4F98004D8A28</key>
		<dict>
			<key>fileRef</key>
			<string>8329A9A61C2E4F98004D8A28</string>
			<key>isa</key>
			<string>PBXBuildFile</string>
		</dict>
		<key>8329A9A81C2E5373004D8A28</key>
		<dict>
			<key>fileEncoding</key>
			<string>4</string>
			<key>isa</key>
			<string>PBXFileReference</string>
			<key>lastKnownFileType</key>
			<string>sourcecode.c.h</string>
			<key>name</key>
			<string>BuddyBulidDemoLetsCauseACrashViewController.h</string>
			<key>path</key>
			<string>buddybuild Demo/BuddyBulidDemoLetsCauseACrashViewController.h</string>
			<key>sourceTree</key>
			<string>&lt;group&gt;</string>
		</dict>
		<key>8329A9A91C2E5373004D8A28</key>
		<dict>
			<key>fileEncoding</key>
			<string>4</string>
			<key>isa</key>
			<string>PBXFileReference</string>
			<key>lastKnownFileType</key>
			<string>sourcecode.c.objc</string>
			<key>name</key>
			<string>BuddyBulidDemoLetsCauseACrashViewController.m</string>
			<key>path</key>
			<string>buddybuild Demo/BuddyBulidDemoLetsCauseACrashViewController.m</string>
			<key>sourceTree</key>
			<string>&lt;group&gt;</string>
		</dict>
		<key>8329A9AA1C2E5373004D8A28</key>
		<dict>
			<key>fileEncoding</key>
			<string>4</string>
			<key>isa</key>
			<string>PBXFileReference</string>
			<key>lastKnownFileType</key>
			<string>file.xib</string>
			<key>name</key>
			<string>BuddyBulidDemoLetsCauseACrashViewController.xib</string>
			<key>path</key>
			<string>buddybuild Demo/BuddyBulidDemoLetsCauseACrashViewController.xib</string>
			<key>sourceTree</key>
			<string>&lt;group&gt;</string>
		</dict>
		<key>8329A9AB1C2E5373004D8A28</key>
		<dict>
			<key>fileRef</key>
			<string>8329A9A91C2E5373004D8A28</string>
			<key>isa</key>
			<string>PBXBuildFile</string>
		</dict>
		<key>8329A9AC1C2E5373004D8A28</key>
		<dict>
			<key>fileRef</key>
			<string>8329A9AA1C2E5373004D8A28</string>
			<key>isa</key>
			<string>PBXBuildFile</string>
		</dict>
		<key>8329A9AD1C2E537F004D8A28</key>
		<dict>
			<key>isa</key>
			<string>PBXFileReference</string>
			<key>lastKnownFileType</key>
			<string>image.png</string>
			<key>name</key>
			<string>lets-cause-a-crash@2x.png</string>
			<key>path</key>
			<string>buddybuild Demo/lets-cause-a-crash@2x.png</string>
			<key>sourceTree</key>
			<string>&lt;group&gt;</string>
		</dict>
		<key>8329A9AE1C2E537F004D8A28</key>
		<dict>
			<key>fileRef</key>
			<string>8329A9AD1C2E537F004D8A28</string>
			<key>isa</key>
			<string>PBXBuildFile</string>
		</dict>
		<key>8329A9EC1C2E6D48004D8A28</key>
		<dict>
			<key>fileEncoding</key>
			<string>4</string>
			<key>isa</key>
			<string>PBXFileReference</string>
			<key>lastKnownFileType</key>
			<string>sourcecode.c.h</string>
			<key>name</key>
			<string>BuddyBuildDemoAppHasCrashedViewController.h</string>
			<key>path</key>
			<string>buddybuild Demo/BuddyBuildDemoAppHasCrashedViewController.h</string>
			<key>sourceTree</key>
			<string>&lt;group&gt;</string>
		</dict>
		<key>8329A9ED1C2E6D48004D8A28</key>
		<dict>
			<key>fileEncoding</key>
			<string>4</string>
			<key>isa</key>
			<string>PBXFileReference</string>
			<key>lastKnownFileType</key>
			<string>sourcecode.c.objc</string>
			<key>name</key>
			<string>BuddyBuildDemoAppHasCrashedViewController.m</string>
			<key>path</key>
			<string>buddybuild Demo/BuddyBuildDemoAppHasCrashedViewController.m</string>
			<key>sourceTree</key>
			<string>&lt;group&gt;</string>
		</dict>
		<key>8329A9EE1C2E6D48004D8A28</key>
		<dict>
			<key>fileEncoding</key>
			<string>4</string>
			<key>isa</key>
			<string>PBXFileReference</string>
			<key>lastKnownFileType</key>
			<string>file.xib</string>
			<key>name</key>
			<string>BuddyBuildDemoAppHasCrashedViewController.xib</string>
			<key>path</key>
			<string>buddybuild Demo/BuddyBuildDemoAppHasCrashedViewController.xib</string>
			<key>sourceTree</key>
			<string>&lt;group&gt;</string>
		</dict>
		<key>8329A9EF1C2E6D48004D8A28</key>
		<dict>
			<key>fileRef</key>
			<string>8329A9ED1C2E6D48004D8A28</string>
			<key>isa</key>
			<string>PBXBuildFile</string>
		</dict>
		<key>8329A9F01C2E6D48004D8A28</key>
		<dict>
			<key>fileRef</key>
			<string>8329A9EE1C2E6D48004D8A28</string>
			<key>isa</key>
			<string>PBXBuildFile</string>
		</dict>
		<key>8329A9F11C2E6E85004D8A28</key>
		<dict>
			<key>isa</key>
			<string>PBXFileReference</string>
			<key>lastKnownFileType</key>
			<string>image.png</string>
			<key>name</key>
			<string>gotcrashreportbackground@2x.png</string>
			<key>path</key>
			<string>buddybuild Demo/gotcrashreportbackground@2x.png</string>
			<key>sourceTree</key>
			<string>&lt;group&gt;</string>
		</dict>
		<key>8329A9F21C2E6E85004D8A28</key>
		<dict>
			<key>fileRef</key>
			<string>8329A9F11C2E6E85004D8A28</string>
			<key>isa</key>
			<string>PBXBuildFile</string>
		</dict>
		<key>8329A9F51C2FDC45004D8A28</key>
		<dict>
			<key>isa</key>
			<string>PBXFileReference</string>
			<key>lastKnownFileType</key>
			<string>image.png</string>
			<key>path</key>
			<string>IMG_0692.PNG</string>
			<key>sourceTree</key>
			<string>&lt;group&gt;</string>
		</dict>
		<key>8329A9F61C2FDC45004D8A28</key>
		<dict>
			<key>fileRef</key>
			<string>8329A9F51C2FDC45004D8A28</string>
			<key>isa</key>
			<string>PBXBuildFile</string>
		</dict>
		<key>834E1F461C3F2F0400B5C177</key>
		<dict>
			<key>isa</key>
			<string>PBXFileReference</string>
			<key>lastKnownFileType</key>
			<string>image.png</string>
			<key>path</key>
			<string>Crash-Settings@2x.png</string>
			<key>sourceTree</key>
			<string>&lt;group&gt;</string>
		</dict>
		<key>834E1F471C3F2F0400B5C177</key>
		<dict>
			<key>isa</key>
			<string>PBXFileReference</string>
			<key>lastKnownFileType</key>
			<string>image.png</string>
			<key>path</key>
			<string>Crash-Settings@3x.png</string>
			<key>sourceTree</key>
			<string>&lt;group&gt;</string>
		</dict>
		<key>834E1F481C3F2F0400B5C177</key>
		<dict>
			<key>isa</key>
			<string>PBXFileReference</string>
			<key>lastKnownFileType</key>
			<string>image.png</string>
			<key>path</key>
			<string>Feedback-screenshot@2x.png</string>
			<key>sourceTree</key>
			<string>&lt;group&gt;</string>
		</dict>
		<key>834E1F491C3F2F0400B5C177</key>
		<dict>
			<key>isa</key>
			<string>PBXFileReference</string>
			<key>lastKnownFileType</key>
			<string>image.png</string>
			<key>path</key>
			<string>Feedback-screenshot@3x.png</string>
			<key>sourceTree</key>
			<string>&lt;group&gt;</string>
		</dict>
		<key>834E1F4A1C3F2F0400B5C177</key>
		<dict>
			<key>isa</key>
			<string>PBXFileReference</string>
			<key>lastKnownFileType</key>
			<string>image.png</string>
			<key>path</key>
			<string>Go-to-dashboard@2x.png</string>
			<key>sourceTree</key>
			<string>&lt;group&gt;</string>
		</dict>
		<key>834E1F4B1C3F2F0400B5C177</key>
		<dict>
			<key>isa</key>
			<string>PBXFileReference</string>
			<key>lastKnownFileType</key>
			<string>image.png</string>
			<key>path</key>
			<string>Go-to-dashboard@3x.png</string>
			<key>sourceTree</key>
			<string>&lt;group&gt;</string>
		</dict>
		<key>834E1F4C1C3F2F0400B5C177</key>
		<dict>
			<key>isa</key>
			<string>PBXFileReference</string>
			<key>lastKnownFileType</key>
			<string>image.png</string>
			<key>path</key>
			<string>OK-button@2x.png</string>
			<key>sourceTree</key>
			<string>&lt;group&gt;</string>
		</dict>
		<key>834E1F4D1C3F2F0400B5C177</key>
		<dict>
			<key>isa</key>
			<string>PBXFileReference</string>
			<key>lastKnownFileType</key>
			<string>image.png</string>
			<key>path</key>
			<string>OK-button@3x.png</string>
			<key>sourceTree</key>
			<string>&lt;group&gt;</string>
		</dict>
		<key>834E1F4E1C3F2F0400B5C177</key>
		<dict>
			<key>fileRef</key>
			<string>834E1F461C3F2F0400B5C177</string>
			<key>isa</key>
			<string>PBXBuildFile</string>
		</dict>
		<key>834E1F4F1C3F2F0400B5C177</key>
		<dict>
			<key>fileRef</key>
			<string>834E1F471C3F2F0400B5C177</string>
			<key>isa</key>
			<string>PBXBuildFile</string>
		</dict>
		<key>834E1F501C3F2F0400B5C177</key>
		<dict>
			<key>fileRef</key>
			<string>834E1F481C3F2F0400B5C177</string>
			<key>isa</key>
			<string>PBXBuildFile</string>
		</dict>
		<key>834E1F511C3F2F0400B5C177</key>
		<dict>
			<key>fileRef</key>
			<string>834E1F491C3F2F0400B5C177</string>
			<key>isa</key>
			<string>PBXBuildFile</string>
		</dict>
		<key>834E1F521C3F2F0400B5C177</key>
		<dict>
			<key>fileRef</key>
			<string>834E1F4A1C3F2F0400B5C177</string>
			<key>isa</key>
			<string>PBXBuildFile</string>
		</dict>
		<key>834E1F531C3F2F0400B5C177</key>
		<dict>
			<key>fileRef</key>
			<string>834E1F4B1C3F2F0400B5C177</string>
			<key>isa</key>
			<string>PBXBuildFile</string>
		</dict>
		<key>834E1F541C3F2F0400B5C177</key>
		<dict>
			<key>fileRef</key>
			<string>834E1F4C1C3F2F0400B5C177</string>
			<key>isa</key>
			<string>PBXBuildFile</string>
		</dict>
		<key>834E1F551C3F2F0400B5C177</key>
		<dict>
			<key>fileRef</key>
			<string>834E1F4D1C3F2F0400B5C177</string>
			<key>isa</key>
			<string>PBXBuildFile</string>
		</dict>
		<key>83B714911CFE26E9009FDABB</key>
		<dict>
			<key>isa</key>
			<string>PBXFileReference</string>
			<key>lastKnownFileType</key>
			<string>wrapper.framework</string>
			<key>name</key>
			<string>AVFoundation.framework</string>
			<key>path</key>
			<string>System/Library/Frameworks/AVFoundation.framework</string>
			<key>sourceTree</key>
			<string>SDKROOT</string>
		</dict>
		<key>83B714921CFE26E9009FDABB</key>
		<dict>
			<key>fileRef</key>
			<string>83B714911CFE26E9009FDABB</string>
			<key>isa</key>
			<string>PBXBuildFile</string>
		</dict>
		<key>83B714931CFE26F8009FDABB</key>
		<dict>
			<key>isa</key>
			<string>PBXFileReference</string>
			<key>lastKnownFileType</key>
			<string>wrapper.framework</string>
			<key>name</key>
			<string>CoreMedia.framework</string>
			<key>path</key>
			<string>System/Library/Frameworks/CoreMedia.framework</string>
			<key>sourceTree</key>
			<string>SDKROOT</string>
		</dict>
		<key>83B714941CFE26F8009FDABB</key>
		<dict>
			<key>fileRef</key>
			<string>83B714931CFE26F8009FDABB</string>
			<key>isa</key>
			<string>PBXBuildFile</string>
		</dict>
		<key>83B714951CFE26FF009FDABB</key>
		<dict>
			<key>isa</key>
			<string>PBXFileReference</string>
			<key>lastKnownFileType</key>
			<string>wrapper.framework</string>
			<key>name</key>
			<string>CoreVideo.framework</string>
			<key>path</key>
			<string>System/Library/Frameworks/CoreVideo.framework</string>
			<key>sourceTree</key>
			<string>SDKROOT</string>
		</dict>
		<key>83B714961CFE26FF009FDABB</key>
		<dict>
			<key>fileRef</key>
			<string>83B714951CFE26FF009FDABB</string>
			<key>isa</key>
			<string>PBXBuildFile</string>
		</dict>
		<key>9AC180509E130F4823298D47</key>
		<dict>
			<key>fileRef</key>
			<string>A0B0C474C980C18CEBE18D25</string>
			<key>isa</key>
			<string>PBXBuildFile</string>
		</dict>
		<key>9C856370E6E666261EF867F9</key>
		<dict>
			<key>fileRef</key>
			<string>F521F93C4142EEE7BDDFD745</string>
			<key>isa</key>
			<string>PBXBuildFile</string>
		</dict>
		<key>9F4A57421CBC50580092F346</key>
		<dict>
			<key>isa</key>
			<string>PBXFileReference</string>
			<key>lastKnownFileType</key>
			<string>wrapper.framework</string>
			<key>path</key>
			<string>BuddyBuildSDK.framework</string>
			<key>sourceTree</key>
			<string>SOURCE_ROOT</string>
		</dict>
		<key>9F4A57431CBC50580092F346</key>
		<dict>
			<key>fileRef</key>
			<string>9F4A57421CBC50580092F346</string>
			<key>isa</key>
			<string>PBXBuildFile</string>
		</dict>
		<key>A0B0C474C980C18CEBE18D25</key>
		<dict>
			<key>isa</key>
			<string>PBXFileReference</string>
			<key>lastKnownFileType</key>
			<string>wrapper.framework</string>
			<key>name</key>
			<string>AssetsLibrary.framework</string>
			<key>path</key>
			<string>System/Library/Frameworks/AssetsLibrary.framework</string>
			<key>sourceTree</key>
			<string>SDKROOT</string>
		</dict>
		<key>ADD797ED54B626E50A00684E</key>
		<dict>
			<key>fileRef</key>
			<string>68F4646D532224A273B48C9D</string>
			<key>isa</key>
			<string>PBXBuildFile</string>
		</dict>
		<key>F521F93C4142EEE7BDDFD745</key>
		<dict>
			<key>isa</key>
			<string>PBXFileReference</string>
			<key>lastKnownFileType</key>
			<string>wrapper.framework</string>
			<key>name</key>
			<string>SystemConfiguration.framework</string>
			<key>path</key>
			<string>System/Library/Frameworks/SystemConfiguration.framework</string>
			<key>sourceTree</key>
			<string>SDKROOT</string>
		</dict>
	</dict>
	<key>rootObject</key>
	<string>2443DC4A18D662CA00C920C1</string>
</dict>
</plist>
